
Microsoft Visual Studio Solution File, Format Version 12.00
# Visual Studio Version 17
VisualStudioVersion = 17.7.34024.191
MinimumVisualStudioVersion = 10.0.40219.1
Project("{FAE04EC0-301F-11D3-BF4B-00C04F79EFBC}") = "U4W3D1_PreventivoAutomobile", "U4W3D1_PreventivoAutomobile\U4W3D1_PreventivoAutomobile.csproj", "{F169AEFC-30D5-4627-B29F-266A42D4E63D}"
EndProject
Global
	GlobalSection(SolutionConfigurationPlatforms) = preSolution
		Debug|Any CPU = Debug|Any CPU
		Release|Any CPU = Release|Any CPU
	EndGlobalSection
	GlobalSection(ProjectConfigurationPlatforms) = postSolution
		{F169AEFC-30D5-4627-B29F-266A42D4E63D}.Debug|Any CPU.ActiveCfg = Debug|Any CPU
		{F169AEFC-30D5-4627-B29F-266A42D4E63D}.Debug|Any CPU.Build.0 = Debug|Any CPU
		{F169AEFC-30D5-4627-B29F-266A42D4E63D}.Release|Any CPU.ActiveCfg = Release|Any CPU
		{F169AEFC-30D5-4627-B29F-266A42D4E63D}.Release|Any CPU.Build.0 = Release|Any CPU
	EndGlobalSection
	GlobalSection(SolutionProperties) = preSolution
		HideSolutionNode = FALSE
	EndGlobalSection
	GlobalSection(ExtensibilityGlobals) = postSolution
		SolutionGuid = {32558864-BF0F-4D70-A945-810E0507922E}
	EndGlobalSection
EndGlobal
